
Microsoft Visual Studio Solution File, Format Version 12.00
# Visual Studio Version 17
VisualStudioVersion = 17.12.35728.132
MinimumVisualStudioVersion = 10.0.40219.1
Project("{FAE04EC0-301F-11D3-BF4B-00C04F79EFBC}") = "ColorMemory", "ColorMemory\ColorMemory.csproj", "{668DAC46-9CBF-4CDE-AB9C-52E557D7B2F3}"
EndProject
Project("{FAE04EC0-301F-11D3-BF4B-00C04F79EFBC}") = "ColorMemory.Client", "ColorMemory.Client\ColorMemory.Client.csproj", "{94DA1A4B-DD5E-4EE1-9566-839EBD2BE276}"
EndProject
Global
	GlobalSection(SolutionConfigurationPlatforms) = preSolution
		Debug|Any CPU = Debug|Any CPU
		Release|Any CPU = Release|Any CPU
	EndGlobalSection
	GlobalSection(ProjectConfigurationPlatforms) = postSolution
		{668DAC46-9CBF-4CDE-AB9C-52E557D7B2F3}.Debug|Any CPU.ActiveCfg = Debug|Any CPU
		{668DAC46-9CBF-4CDE-AB9C-52E557D7B2F3}.Debug|Any CPU.Build.0 = Debug|Any CPU
		{668DAC46-9CBF-4CDE-AB9C-52E557D7B2F3}.Release|Any CPU.ActiveCfg = Release|Any CPU
		{668DAC46-9CBF-4CDE-AB9C-52E557D7B2F3}.Release|Any CPU.Build.0 = Release|Any CPU
		{94DA1A4B-DD5E-4EE1-9566-839EBD2BE276}.Debug|Any CPU.ActiveCfg = Debug|Any CPU
		{94DA1A4B-DD5E-4EE1-9566-839EBD2BE276}.Debug|Any CPU.Build.0 = Debug|Any CPU
		{94DA1A4B-DD5E-4EE1-9566-839EBD2BE276}.Release|Any CPU.ActiveCfg = Release|Any CPU
		{94DA1A4B-DD5E-4EE1-9566-839EBD2BE276}.Release|Any CPU.Build.0 = Release|Any CPU
	EndGlobalSection
	GlobalSection(SolutionProperties) = preSolution
		HideSolutionNode = FALSE
	EndGlobalSection
EndGlobal
